{
  "name": "@sgohlke/isadult",
  "version": "0.1.4",
  "lockfileVersion": 2,
  "requires": true,
  "packages": {
    "": {
      "name": "@sgohlke/isadult",
      "version": "0.1.4",
      "license": "ISC",
      "devDependencies": {
        "oxlint": "0.7.1"
      }
    },
    "node_modules/@oxlint/darwin-arm64": {
      "version": "0.7.1",
      "resolved": "https://registry.npmjs.org/@oxlint/darwin-arm64/-/darwin-arm64-0.7.1.tgz",
      "integrity": "sha512-bFn3hD+dglpa+UqC9JiI7RFQ+9XYkbnItl6nPkc7LV4lBkltZ3bItri0wQbpHaYSn/jA3WyiQ4+kDSu31EsxtA==",
      "cpu": [
        "arm64"
      ],
      "dev": true,
      "optional": true,
      "os": [
        "darwin"
      ]
    },
    "node_modules/@oxlint/darwin-x64": {
      "version": "0.7.1",
      "resolved": "https://registry.npmjs.org/@oxlint/darwin-x64/-/darwin-x64-0.7.1.tgz",
      "integrity": "sha512-I2oV4i4/owL/KTZuEfnv0L8LXbSA6IopZnEBzJUZ3tgOoCCcXmEIUYyHfTdlS0TlWSBGr51Y0Gt3uYWx6DgdMw==",
      "cpu": [
        "x64"
      ],
      "dev": true,
      "optional": true,
      "os": [
        "darwin"
      ]
    },
    "node_modules/@oxlint/linux-arm64-gnu": {
      "version": "0.7.1",
      "resolved": "https://registry.npmjs.org/@oxlint/linux-arm64-gnu/-/linux-arm64-gnu-0.7.1.tgz",
      "integrity": "sha512-BIPKPnQxAZtw3b6JWEvgNtkLlV9Xmf65LyQz+aYfiLYSCDd9HEGmEYwCLPz8ZQQBzqZIEexahxaQBLyLhQMmAw==",
      "cpu": [
        "arm64"
      ],
      "dev": true,
      "optional": true,
      "os": [
        "linux"
      ]
    },
    "node_modules/@oxlint/linux-arm64-musl": {
      "version": "0.7.1",
      "resolved": "https://registry.npmjs.org/@oxlint/linux-arm64-musl/-/linux-arm64-musl-0.7.1.tgz",
      "integrity": "sha512-AYx2AkXqTdl8FjizqdbJcleSpG3tUpKz1DMETiHdBXgYCzscH/5AkCBsyd4ikwJKCfIPx5c0u6B+i+yMAmFjGA==",
      "cpu": [
        "arm64"
      ],
      "dev": true,
      "optional": true,
      "os": [
        "linux"
      ]
    },
    "node_modules/@oxlint/linux-x64-gnu": {
      "version": "0.7.1",
      "resolved": "https://registry.npmjs.org/@oxlint/linux-x64-gnu/-/linux-x64-gnu-0.7.1.tgz",
      "integrity": "sha512-MiAscd5/lnDxWNM/Xg0OBADR8bApIvAN3WMzJY2ci9n02b9gL7zvEzGsTQtNlwIcDG1Xboc3/qkussX0XXuxLw==",
      "cpu": [
        "x64"
      ],
      "dev": true,
      "optional": true,
      "os": [
        "linux"
      ]
    },
    "node_modules/@oxlint/linux-x64-musl": {
      "version": "0.7.1",
      "resolved": "https://registry.npmjs.org/@oxlint/linux-x64-musl/-/linux-x64-musl-0.7.1.tgz",
      "integrity": "sha512-VVYw/o4haTyg/EfEQ3qJYge8zAUW7/pRtMN67O7CkRF5jiPVreyGrAJclXe4mPBVuB2/g86FhpUXA0O3cEYnIQ==",
      "cpu": [
        "x64"
      ],
      "dev": true,
      "optional": true,
      "os": [
        "linux"
      ]
    },
    "node_modules/@oxlint/win32-arm64": {
      "version": "0.7.1",
      "resolved": "https://registry.npmjs.org/@oxlint/win32-arm64/-/win32-arm64-0.7.1.tgz",
      "integrity": "sha512-TsGKAAzbEAzjQLnkEj33baiCe1B5MRdWXMxFyFEA0tFE/Cekjdw7r8Di9CPcO0A65kw+KFF/MAGs0qlHyQpCsA==",
      "cpu": [
        "arm64"
      ],
      "dev": true,
      "optional": true,
      "os": [
        "win32"
      ]
    },
    "node_modules/@oxlint/win32-x64": {
      "version": "0.7.1",
      "resolved": "https://registry.npmjs.org/@oxlint/win32-x64/-/win32-x64-0.7.1.tgz",
      "integrity": "sha512-UgRmrFL+34CgnsOKFa1mv6fnQRS2ZZF1y53xA8EeBKRvnMg8T9sKqLP32Mm72Yr8lzRijt48jqQE2AHmybFVpw==",
      "cpu": [
        "x64"
      ],
      "dev": true,
      "optional": true,
      "os": [
        "win32"
      ]
    },
    "node_modules/oxlint": {
      "version": "0.7.1",
      "resolved": "https://registry.npmjs.org/oxlint/-/oxlint-0.7.1.tgz",
      "integrity": "sha512-kxOipmzudgk/33i0aigA52hShyJTApiFLMVob/zR2uy78na1Ua3jhF3SUGCupMKdyxTrDJgPPMT0i95Rw/gJ/A==",
      "dev": true,
      "bin": {
        "oxlint": "bin/oxlint"
      },
      "engines": {
        "node": ">=14.*"
      },
      "funding": {
        "url": "https://github.com/sponsors/Boshen"
      },
      "optionalDependencies": {
        "@oxlint/darwin-arm64": "0.7.1",
        "@oxlint/darwin-x64": "0.7.1",
        "@oxlint/linux-arm64-gnu": "0.7.1",
        "@oxlint/linux-arm64-musl": "0.7.1",
        "@oxlint/linux-x64-gnu": "0.7.1",
        "@oxlint/linux-x64-musl": "0.7.1",
        "@oxlint/win32-arm64": "0.7.1",
        "@oxlint/win32-x64": "0.7.1"
      }
    }
  },
  "dependencies": {
    "@oxlint/darwin-arm64": {
      "version": "0.7.1",
      "resolved": "https://registry.npmjs.org/@oxlint/darwin-arm64/-/darwin-arm64-0.7.1.tgz",
      "integrity": "sha512-bFn3hD+dglpa+UqC9JiI7RFQ+9XYkbnItl6nPkc7LV4lBkltZ3bItri0wQbpHaYSn/jA3WyiQ4+kDSu31EsxtA==",
      "dev": true,
      "optional": true
    },
    "@oxlint/darwin-x64": {
      "version": "0.7.1",
      "resolved": "https://registry.npmjs.org/@oxlint/darwin-x64/-/darwin-x64-0.7.1.tgz",
      "integrity": "sha512-I2oV4i4/owL/KTZuEfnv0L8LXbSA6IopZnEBzJUZ3tgOoCCcXmEIUYyHfTdlS0TlWSBGr51Y0Gt3uYWx6DgdMw==",
      "dev": true,
      "optional": true
    },
    "@oxlint/linux-arm64-gnu": {
      "version": "0.7.1",
      "resolved": "https://registry.npmjs.org/@oxlint/linux-arm64-gnu/-/linux-arm64-gnu-0.7.1.tgz",
      "integrity": "sha512-BIPKPnQxAZtw3b6JWEvgNtkLlV9Xmf65LyQz+aYfiLYSCDd9HEGmEYwCLPz8ZQQBzqZIEexahxaQBLyLhQMmAw==",
      "dev": true,
      "optional": true
    },
    "@oxlint/linux-arm64-musl": {
      "version": "0.7.1",
      "resolved": "https://registry.npmjs.org/@oxlint/linux-arm64-musl/-/linux-arm64-musl-0.7.1.tgz",
      "integrity": "sha512-AYx2AkXqTdl8FjizqdbJcleSpG3tUpKz1DMETiHdBXgYCzscH/5AkCBsyd4ikwJKCfIPx5c0u6B+i+yMAmFjGA==",
      "dev": true,
      "optional": true
    },
    "@oxlint/linux-x64-gnu": {
      "version": "0.7.1",
      "resolved": "https://registry.npmjs.org/@oxlint/linux-x64-gnu/-/linux-x64-gnu-0.7.1.tgz",
      "integrity": "sha512-MiAscd5/lnDxWNM/Xg0OBADR8bApIvAN3WMzJY2ci9n02b9gL7zvEzGsTQtNlwIcDG1Xboc3/qkussX0XXuxLw==",
      "dev": true,
      "optional": true
    },
    "@oxlint/linux-x64-musl": {
      "version": "0.7.1",
      "resolved": "https://registry.npmjs.org/@oxlint/linux-x64-musl/-/linux-x64-musl-0.7.1.tgz",
      "integrity": "sha512-VVYw/o4haTyg/EfEQ3qJYge8zAUW7/pRtMN67O7CkRF5jiPVreyGrAJclXe4mPBVuB2/g86FhpUXA0O3cEYnIQ==",
      "dev": true,
      "optional": true
    },
    "@oxlint/win32-arm64": {
      "version": "0.7.1",
      "resolved": "https://registry.npmjs.org/@oxlint/win32-arm64/-/win32-arm64-0.7.1.tgz",
      "integrity": "sha512-TsGKAAzbEAzjQLnkEj33baiCe1B5MRdWXMxFyFEA0tFE/Cekjdw7r8Di9CPcO0A65kw+KFF/MAGs0qlHyQpCsA==",
      "dev": true,
      "optional": true
    },
    "@oxlint/win32-x64": {
      "version": "0.7.1",
      "resolved": "https://registry.npmjs.org/@oxlint/win32-x64/-/win32-x64-0.7.1.tgz",
      "integrity": "sha512-UgRmrFL+34CgnsOKFa1mv6fnQRS2ZZF1y53xA8EeBKRvnMg8T9sKqLP32Mm72Yr8lzRijt48jqQE2AHmybFVpw==",
      "dev": true,
      "optional": true
    },
    "oxlint": {
      "version": "0.7.1",
      "resolved": "https://registry.npmjs.org/oxlint/-/oxlint-0.7.1.tgz",
      "integrity": "sha512-kxOipmzudgk/33i0aigA52hShyJTApiFLMVob/zR2uy78na1Ua3jhF3SUGCupMKdyxTrDJgPPMT0i95Rw/gJ/A==",
      "dev": true,
      "requires": {
        "@oxlint/darwin-arm64": "0.7.1",
        "@oxlint/darwin-x64": "0.7.1",
        "@oxlint/linux-arm64-gnu": "0.7.1",
        "@oxlint/linux-arm64-musl": "0.7.1",
        "@oxlint/linux-x64-gnu": "0.7.1",
        "@oxlint/linux-x64-musl": "0.7.1",
        "@oxlint/win32-arm64": "0.7.1",
        "@oxlint/win32-x64": "0.7.1"
      }
    }
  }
}
