{
  "name": "@sgohlke/isadult",
  "version": "0.1.4",
  "lockfileVersion": 2,
  "requires": true,
  "packages": {
    "": {
      "name": "@sgohlke/isadult",
      "version": "0.1.4",
      "license": "ISC",
      "devDependencies": {
        "oxlint": "0.16.8"
      }
    },
    "node_modules/@oxlint/darwin-arm64": {
      "version": "0.16.8",
      "resolved": "https://registry.npmjs.org/@oxlint/darwin-arm64/-/darwin-arm64-0.16.8.tgz",
      "integrity": "sha512-1w7Jbrp0WUkbXlGb/x3nh7MK8EzCS8USR2Q8Yo0ZMmCNXmxxfkL07B9wSmlKcJ7y9MSfFkpF4Md5r6jwJNeWLg==",
      "cpu": [
        "arm64"
      ],
      "dev": true,
      "license": "MIT",
      "optional": true,
      "os": [
        "darwin"
      ]
    },
    "node_modules/@oxlint/darwin-x64": {
      "version": "0.16.8",
      "resolved": "https://registry.npmjs.org/@oxlint/darwin-x64/-/darwin-x64-0.16.8.tgz",
      "integrity": "sha512-zWMKa8kNmtQfBHG5j4HGiOT1azjgs4rFsjAADWHBQ6qsqdW0evhQt9666JYJA2kKtuoWiIPv4UypV5s2QI9oCQ==",
      "cpu": [
        "x64"
      ],
      "dev": true,
      "license": "MIT",
      "optional": true,
      "os": [
        "darwin"
      ]
    },
    "node_modules/@oxlint/linux-arm64-gnu": {
      "version": "0.16.8",
      "resolved": "https://registry.npmjs.org/@oxlint/linux-arm64-gnu/-/linux-arm64-gnu-0.16.8.tgz",
      "integrity": "sha512-AK6x1UN/Wz0C+kpV70J3cKgKl+b6Jrh4EDAY6JY99F7DMlNAbKtRtBZAb3IMiuukv/mqbTvb7Z7+dUIp/DHOkA==",
      "cpu": [
        "arm64"
      ],
      "dev": true,
      "license": "MIT",
      "optional": true,
      "os": [
        "linux"
      ]
    },
    "node_modules/@oxlint/linux-arm64-musl": {
      "version": "0.16.8",
      "resolved": "https://registry.npmjs.org/@oxlint/linux-arm64-musl/-/linux-arm64-musl-0.16.8.tgz",
      "integrity": "sha512-+VJNo9NGYjP/8qFvcMk6IR4waRENbXolDk6SsfWXnub/b0UpXd8dH+cFSo9VPsHoLQ1+/A2WbqTxO+XkkaUXYw==",
      "cpu": [
        "arm64"
      ],
      "dev": true,
      "license": "MIT",
      "optional": true,
      "os": [
        "linux"
      ]
    },
    "node_modules/@oxlint/linux-x64-gnu": {
      "version": "0.16.8",
      "resolved": "https://registry.npmjs.org/@oxlint/linux-x64-gnu/-/linux-x64-gnu-0.16.8.tgz",
      "integrity": "sha512-1AN2P3AUfW04jmaiEh/NnV3/oZKrXMScqbihZ8bclKdwKanEyNX+McCfpUZ6/L1h1imCj9tR1ChNq0LaPrJfAg==",
      "cpu": [
        "x64"
      ],
      "dev": true,
      "license": "MIT",
      "optional": true,
      "os": [
        "linux"
      ]
    },
    "node_modules/@oxlint/linux-x64-musl": {
      "version": "0.16.8",
      "resolved": "https://registry.npmjs.org/@oxlint/linux-x64-musl/-/linux-x64-musl-0.16.8.tgz",
      "integrity": "sha512-FyG47d0ypwpIv+OEgTQe+qV9UDgeEoNJW0p50/zUkQhe3LVC20qNztvFp0X9uTm1V7ihY8GCZKC1ooeD3+eWWw==",
      "cpu": [
        "x64"
      ],
      "dev": true,
      "license": "MIT",
      "optional": true,
      "os": [
        "linux"
      ]
    },
    "node_modules/@oxlint/win32-arm64": {
      "version": "0.16.8",
      "resolved": "https://registry.npmjs.org/@oxlint/win32-arm64/-/win32-arm64-0.16.8.tgz",
      "integrity": "sha512-fUnKMhcyChO7nLh5TS/yELOx7FG1827GShIalQr6L9SnDGeKjjzBrJwpc3jFtTB4Ti6wX+7yB7JYOo2EgoRdvQ==",
      "cpu": [
        "arm64"
      ],
      "dev": true,
      "license": "MIT",
      "optional": true,
      "os": [
        "win32"
      ]
    },
    "node_modules/@oxlint/win32-x64": {
      "version": "0.16.8",
      "resolved": "https://registry.npmjs.org/@oxlint/win32-x64/-/win32-x64-0.16.8.tgz",
      "integrity": "sha512-gpvVsWH8HJQP6UWGyDlZdslmk6CNTtjEl8MLD6Mhx+2L02ypaYkA0pyTKPaLQrn0O2D+CT0WAh53YtxCf903qA==",
      "cpu": [
        "x64"
      ],
      "dev": true,
      "license": "MIT",
      "optional": true,
      "os": [
        "win32"
      ]
    },
    "node_modules/oxlint": {
      "version": "0.16.8",
      "resolved": "https://registry.npmjs.org/oxlint/-/oxlint-0.16.8.tgz",
      "integrity": "sha512-UmpfqkynkudIY8orqAvYelQXJ1YNMecwJ422ZtJ84vbtIQ2HH96WBhqLAEoUgDB7yu/LpxMQrjukFOJQkh+mQw==",
      "dev": true,
      "license": "MIT",
      "bin": {
        "oxc_language_server": "bin/oxc_language_server",
        "oxlint": "bin/oxlint"
      },
      "engines": {
        "node": ">=8.*"
      },
      "funding": {
        "url": "https://github.com/sponsors/Boshen"
      },
      "optionalDependencies": {
        "@oxlint/darwin-arm64": "0.16.8",
        "@oxlint/darwin-x64": "0.16.8",
        "@oxlint/linux-arm64-gnu": "0.16.8",
        "@oxlint/linux-arm64-musl": "0.16.8",
        "@oxlint/linux-x64-gnu": "0.16.8",
        "@oxlint/linux-x64-musl": "0.16.8",
        "@oxlint/win32-arm64": "0.16.8",
        "@oxlint/win32-x64": "0.16.8"
      }
    }
  },
  "dependencies": {
    "@oxlint/darwin-arm64": {
      "version": "0.16.8",
      "resolved": "https://registry.npmjs.org/@oxlint/darwin-arm64/-/darwin-arm64-0.16.8.tgz",
      "integrity": "sha512-1w7Jbrp0WUkbXlGb/x3nh7MK8EzCS8USR2Q8Yo0ZMmCNXmxxfkL07B9wSmlKcJ7y9MSfFkpF4Md5r6jwJNeWLg==",
      "dev": true,
      "optional": true
    },
    "@oxlint/darwin-x64": {
      "version": "0.16.8",
      "resolved": "https://registry.npmjs.org/@oxlint/darwin-x64/-/darwin-x64-0.16.8.tgz",
      "integrity": "sha512-zWMKa8kNmtQfBHG5j4HGiOT1azjgs4rFsjAADWHBQ6qsqdW0evhQt9666JYJA2kKtuoWiIPv4UypV5s2QI9oCQ==",
      "dev": true,
      "optional": true
    },
    "@oxlint/linux-arm64-gnu": {
      "version": "0.16.8",
      "resolved": "https://registry.npmjs.org/@oxlint/linux-arm64-gnu/-/linux-arm64-gnu-0.16.8.tgz",
      "integrity": "sha512-AK6x1UN/Wz0C+kpV70J3cKgKl+b6Jrh4EDAY6JY99F7DMlNAbKtRtBZAb3IMiuukv/mqbTvb7Z7+dUIp/DHOkA==",
      "dev": true,
      "optional": true
    },
    "@oxlint/linux-arm64-musl": {
      "version": "0.16.8",
      "resolved": "https://registry.npmjs.org/@oxlint/linux-arm64-musl/-/linux-arm64-musl-0.16.8.tgz",
      "integrity": "sha512-+VJNo9NGYjP/8qFvcMk6IR4waRENbXolDk6SsfWXnub/b0UpXd8dH+cFSo9VPsHoLQ1+/A2WbqTxO+XkkaUXYw==",
      "dev": true,
      "optional": true
    },
    "@oxlint/linux-x64-gnu": {
      "version": "0.16.8",
      "resolved": "https://registry.npmjs.org/@oxlint/linux-x64-gnu/-/linux-x64-gnu-0.16.8.tgz",
      "integrity": "sha512-1AN2P3AUfW04jmaiEh/NnV3/oZKrXMScqbihZ8bclKdwKanEyNX+McCfpUZ6/L1h1imCj9tR1ChNq0LaPrJfAg==",
      "dev": true,
      "optional": true
    },
    "@oxlint/linux-x64-musl": {
      "version": "0.16.8",
      "resolved": "https://registry.npmjs.org/@oxlint/linux-x64-musl/-/linux-x64-musl-0.16.8.tgz",
      "integrity": "sha512-FyG47d0ypwpIv+OEgTQe+qV9UDgeEoNJW0p50/zUkQhe3LVC20qNztvFp0X9uTm1V7ihY8GCZKC1ooeD3+eWWw==",
      "dev": true,
      "optional": true
    },
    "@oxlint/win32-arm64": {
      "version": "0.16.8",
      "resolved": "https://registry.npmjs.org/@oxlint/win32-arm64/-/win32-arm64-0.16.8.tgz",
      "integrity": "sha512-fUnKMhcyChO7nLh5TS/yELOx7FG1827GShIalQr6L9SnDGeKjjzBrJwpc3jFtTB4Ti6wX+7yB7JYOo2EgoRdvQ==",
      "dev": true,
      "optional": true
    },
    "@oxlint/win32-x64": {
      "version": "0.16.8",
      "resolved": "https://registry.npmjs.org/@oxlint/win32-x64/-/win32-x64-0.16.8.tgz",
      "integrity": "sha512-gpvVsWH8HJQP6UWGyDlZdslmk6CNTtjEl8MLD6Mhx+2L02ypaYkA0pyTKPaLQrn0O2D+CT0WAh53YtxCf903qA==",
      "dev": true,
      "optional": true
    },
    "oxlint": {
      "version": "0.16.8",
      "resolved": "https://registry.npmjs.org/oxlint/-/oxlint-0.16.8.tgz",
      "integrity": "sha512-UmpfqkynkudIY8orqAvYelQXJ1YNMecwJ422ZtJ84vbtIQ2HH96WBhqLAEoUgDB7yu/LpxMQrjukFOJQkh+mQw==",
      "dev": true,
      "requires": {
        "@oxlint/darwin-arm64": "0.16.8",
        "@oxlint/darwin-x64": "0.16.8",
        "@oxlint/linux-arm64-gnu": "0.16.8",
        "@oxlint/linux-arm64-musl": "0.16.8",
        "@oxlint/linux-x64-gnu": "0.16.8",
        "@oxlint/linux-x64-musl": "0.16.8",
        "@oxlint/win32-arm64": "0.16.8",
        "@oxlint/win32-x64": "0.16.8"
      }
    }
  }
}
