{
  "name": "@sgohlke/isadult",
  "version": "0.1.4",
  "lockfileVersion": 2,
  "requires": true,
  "packages": {
    "": {
      "name": "@sgohlke/isadult",
      "version": "0.1.4",
      "license": "ISC",
      "devDependencies": {
        "oxlint": "1.12.0"
      }
    },
    "node_modules/@oxlint-tsgolint/darwin-arm64": {
      "version": "0.0.1",
      "resolved": "https://registry.npmjs.org/@oxlint-tsgolint/darwin-arm64/-/darwin-arm64-0.0.1.tgz",
      "integrity": "sha512-DhPovgw2MVvQhU4uyrrgBUqRkmh6V66zItbpWu352B0f9LW0tFm2cXcTDR1QkDo1m9B6YV7qR9IPI2/q7gLDeA==",
      "dev": true,
      "optional": true,
      "os": [
        "darwin"
      ]
    },
    "node_modules/@oxlint-tsgolint/darwin-x64": {
      "version": "0.0.1",
      "resolved": "https://registry.npmjs.org/@oxlint-tsgolint/darwin-x64/-/darwin-x64-0.0.1.tgz",
      "integrity": "sha512-/T+STn40ebdHM7Cz6bVITynBHNWnRGKyz8CcbUDdiehhD0CTlwwNeKCKA4beQ1t/Dvc3JG6pV8dwv/2cmd+DYg==",
      "dev": true,
      "optional": true,
      "os": [
        "darwin"
      ]
    },
    "node_modules/@oxlint-tsgolint/linux-arm64": {
      "version": "0.0.1",
      "resolved": "https://registry.npmjs.org/@oxlint-tsgolint/linux-arm64/-/linux-arm64-0.0.1.tgz",
      "integrity": "sha512-xp8KdgxyqLB31ISPep0LDJgyE3ucxcLc8LdlqjO+Z9k2RR0MkFs1bgpXROn5KX1eZGO5OYRdbgVX+s43TI7Dhw==",
      "dev": true,
      "optional": true,
      "os": [
        "linux"
      ]
    },
    "node_modules/@oxlint-tsgolint/linux-x64": {
      "version": "0.0.1",
      "resolved": "https://registry.npmjs.org/@oxlint-tsgolint/linux-x64/-/linux-x64-0.0.1.tgz",
      "integrity": "sha512-6OG1DFbg1xP5UmuWynUnVkay5WbH44aiwDhIAIR8+V50Ijzzyx87CGxKbn1k0YsfaQIji5SgZi0WMiJQ5LTR2A==",
      "dev": true,
      "optional": true,
      "os": [
        "linux"
      ]
    },
    "node_modules/@oxlint-tsgolint/win32-arm64": {
      "version": "0.0.1",
      "resolved": "https://registry.npmjs.org/@oxlint-tsgolint/win32-arm64/-/win32-arm64-0.0.1.tgz",
      "integrity": "sha512-szngA1G3b9DyO6NZ7qUBl8EXBt+9F6cLQ4/kdiIUwk+5LELCjFbpg2s7eGPYZaCJjf30Vo9GlTqe5HFjddvrXg==",
      "dev": true,
      "optional": true,
      "os": [
        "win32"
      ]
    },
    "node_modules/@oxlint-tsgolint/win32-x64": {
      "version": "0.0.1",
      "resolved": "https://registry.npmjs.org/@oxlint-tsgolint/win32-x64/-/win32-x64-0.0.1.tgz",
      "integrity": "sha512-anzDRE1w3Vl/aSBLiOwnwzz17GJaXJr+X3OTWwwV9cHg+TWEhLpUDo+d2pAoulCHoZTjN/k8A9wHg0IGuqnOfA==",
      "dev": true,
      "optional": true,
      "os": [
        "win32"
      ]
    },
    "node_modules/@oxlint/darwin-arm64": {
      "version": "1.12.0",
      "resolved": "https://registry.npmjs.org/@oxlint/darwin-arm64/-/darwin-arm64-1.12.0.tgz",
      "integrity": "sha512-Pv+Ho1uq2ny8g2P6JgQpaIUF1FHPL32DfOlZhKqmzDT3PydtFvZp/7zNyJE3BIXeTOOOG1Eg12hjZHMLsWxyNw==",
      "cpu": [
        "arm64"
      ],
      "dev": true,
      "optional": true,
      "os": [
        "darwin"
      ]
    },
    "node_modules/@oxlint/darwin-x64": {
      "version": "1.12.0",
      "resolved": "https://registry.npmjs.org/@oxlint/darwin-x64/-/darwin-x64-1.12.0.tgz",
      "integrity": "sha512-kNXPH/7jXjX4pawrEWXQHOasOdOsrYKhskA1qYwLYcv/COVSoxOSElkQtQa+KxN5zzt3F02kBdWDndLpgJLbLQ==",
      "cpu": [
        "x64"
      ],
      "dev": true,
      "optional": true,
      "os": [
        "darwin"
      ]
    },
    "node_modules/@oxlint/linux-arm64-gnu": {
      "version": "1.12.0",
      "resolved": "https://registry.npmjs.org/@oxlint/linux-arm64-gnu/-/linux-arm64-gnu-1.12.0.tgz",
      "integrity": "sha512-U7NETs02K55ZyDlgdhx4lWeFYbkUKcL+YcG+Ak70EyEt/BKIIVt4B84VdV1JzC71FErUipDYAwPJmxMREXr4Sg==",
      "cpu": [
        "arm64"
      ],
      "dev": true,
      "optional": true,
      "os": [
        "linux"
      ]
    },
    "node_modules/@oxlint/linux-arm64-musl": {
      "version": "1.12.0",
      "resolved": "https://registry.npmjs.org/@oxlint/linux-arm64-musl/-/linux-arm64-musl-1.12.0.tgz",
      "integrity": "sha512-e4Pb2eZu3V2BsiX4t4gyv9iJ8+KRT6bkoWM5uC9BLX7edsVchwLwL6LB2vPYusYdPPrxdjlFCg6ni+9wlw7FbQ==",
      "cpu": [
        "arm64"
      ],
      "dev": true,
      "optional": true,
      "os": [
        "linux"
      ]
    },
    "node_modules/@oxlint/linux-x64-gnu": {
      "version": "1.12.0",
      "resolved": "https://registry.npmjs.org/@oxlint/linux-x64-gnu/-/linux-x64-gnu-1.12.0.tgz",
      "integrity": "sha512-qJK98Dj/z7Nbm0xoz0nCCMFGy0W/kLewPzOK5QENxuUoQQ6ymt7/75rXOuTwAZJ6JFTarqfSuMAA0pka6Tmytw==",
      "cpu": [
        "x64"
      ],
      "dev": true,
      "optional": true,
      "os": [
        "linux"
      ]
    },
    "node_modules/@oxlint/linux-x64-musl": {
      "version": "1.12.0",
      "resolved": "https://registry.npmjs.org/@oxlint/linux-x64-musl/-/linux-x64-musl-1.12.0.tgz",
      "integrity": "sha512-jNeltpHc1eonSev/bWKipJ7FI6+Rc7EXh6Y7E0pm8e95sc1klFA29FFVs3FjMA6CCa+SRT0u0nnNTTAtf2QOiQ==",
      "cpu": [
        "x64"
      ],
      "dev": true,
      "optional": true,
      "os": [
        "linux"
      ]
    },
    "node_modules/@oxlint/win32-arm64": {
      "version": "1.12.0",
      "resolved": "https://registry.npmjs.org/@oxlint/win32-arm64/-/win32-arm64-1.12.0.tgz",
      "integrity": "sha512-T3fpNZJ3Q9YGgJTKc1YyvGoomSXnrV5mREz0QACE06zUzfS8EWyaYc/GN17FhHvQ4uQk/1xLgnM6FPsuLMeRhw==",
      "cpu": [
        "arm64"
      ],
      "dev": true,
      "optional": true,
      "os": [
        "win32"
      ]
    },
    "node_modules/@oxlint/win32-x64": {
      "version": "1.12.0",
      "resolved": "https://registry.npmjs.org/@oxlint/win32-x64/-/win32-x64-1.12.0.tgz",
      "integrity": "sha512-2eC4XQ1SMM2z7bCDG+Ifrn5GrvP6fkL0FGi4ZwDCrx6fwb1byFrXgSUNIPiqiiqBBrFRMKlXzU9zD6IjuFlUOg==",
      "cpu": [
        "x64"
      ],
      "dev": true,
      "optional": true,
      "os": [
        "win32"
      ]
    },
    "node_modules/oxlint": {
      "version": "1.12.0",
      "resolved": "https://registry.npmjs.org/oxlint/-/oxlint-1.12.0.tgz",
      "integrity": "sha512-tBQ9aB00aYLlGXE21WJHnKQAI8xoi2V6Eiz/WvGV7FwU9YLYuNOurEEVbfoS5u0ODX8GLvGWj1fdHh5Rb74Kkw==",
      "dev": true,
      "bin": {
        "oxc_language_server": "bin/oxc_language_server",
        "oxlint": "bin/oxlint"
      },
      "engines": {
        "node": ">=8.*"
      },
      "funding": {
        "url": "https://github.com/sponsors/Boshen"
      },
      "optionalDependencies": {
        "@oxlint/darwin-arm64": "1.12.0",
        "@oxlint/darwin-x64": "1.12.0",
        "@oxlint/linux-arm64-gnu": "1.12.0",
        "@oxlint/linux-arm64-musl": "1.12.0",
        "@oxlint/linux-x64-gnu": "1.12.0",
        "@oxlint/linux-x64-musl": "1.12.0",
        "@oxlint/win32-arm64": "1.12.0",
        "@oxlint/win32-x64": "1.12.0",
        "oxlint-tsgolint": ">=0.0.1"
      }
    },
    "node_modules/oxlint-tsgolint": {
      "version": "0.0.1",
      "resolved": "https://registry.npmjs.org/oxlint-tsgolint/-/oxlint-tsgolint-0.0.1.tgz",
      "integrity": "sha512-gH6EpIr2oBVperOONVzTTNYmOu6pYPipVyzWB+CfYO13vH+6O9kINUyG4rr3RXDaKdTx8UvxgRORXdSGH1iydA==",
      "dev": true,
      "optional": true,
      "bin": {
        "tsgolint": "bin/tsgolint.js"
      },
      "optionalDependencies": {
        "@oxlint-tsgolint/darwin-arm64": "0.0.1",
        "@oxlint-tsgolint/darwin-x64": "0.0.1",
        "@oxlint-tsgolint/linux-arm64": "0.0.1",
        "@oxlint-tsgolint/linux-x64": "0.0.1",
        "@oxlint-tsgolint/win32-arm64": "0.0.1",
        "@oxlint-tsgolint/win32-x64": "0.0.1"
      }
    }
  },
  "dependencies": {
    "@oxlint-tsgolint/darwin-arm64": {
      "version": "0.0.1",
      "resolved": "https://registry.npmjs.org/@oxlint-tsgolint/darwin-arm64/-/darwin-arm64-0.0.1.tgz",
      "integrity": "sha512-DhPovgw2MVvQhU4uyrrgBUqRkmh6V66zItbpWu352B0f9LW0tFm2cXcTDR1QkDo1m9B6YV7qR9IPI2/q7gLDeA==",
      "dev": true,
      "optional": true
    },
    "@oxlint-tsgolint/darwin-x64": {
      "version": "0.0.1",
      "resolved": "https://registry.npmjs.org/@oxlint-tsgolint/darwin-x64/-/darwin-x64-0.0.1.tgz",
      "integrity": "sha512-/T+STn40ebdHM7Cz6bVITynBHNWnRGKyz8CcbUDdiehhD0CTlwwNeKCKA4beQ1t/Dvc3JG6pV8dwv/2cmd+DYg==",
      "dev": true,
      "optional": true
    },
    "@oxlint-tsgolint/linux-arm64": {
      "version": "0.0.1",
      "resolved": "https://registry.npmjs.org/@oxlint-tsgolint/linux-arm64/-/linux-arm64-0.0.1.tgz",
      "integrity": "sha512-xp8KdgxyqLB31ISPep0LDJgyE3ucxcLc8LdlqjO+Z9k2RR0MkFs1bgpXROn5KX1eZGO5OYRdbgVX+s43TI7Dhw==",
      "dev": true,
      "optional": true
    },
    "@oxlint-tsgolint/linux-x64": {
      "version": "0.0.1",
      "resolved": "https://registry.npmjs.org/@oxlint-tsgolint/linux-x64/-/linux-x64-0.0.1.tgz",
      "integrity": "sha512-6OG1DFbg1xP5UmuWynUnVkay5WbH44aiwDhIAIR8+V50Ijzzyx87CGxKbn1k0YsfaQIji5SgZi0WMiJQ5LTR2A==",
      "dev": true,
      "optional": true
    },
    "@oxlint-tsgolint/win32-arm64": {
      "version": "0.0.1",
      "resolved": "https://registry.npmjs.org/@oxlint-tsgolint/win32-arm64/-/win32-arm64-0.0.1.tgz",
      "integrity": "sha512-szngA1G3b9DyO6NZ7qUBl8EXBt+9F6cLQ4/kdiIUwk+5LELCjFbpg2s7eGPYZaCJjf30Vo9GlTqe5HFjddvrXg==",
      "dev": true,
      "optional": true
    },
    "@oxlint-tsgolint/win32-x64": {
      "version": "0.0.1",
      "resolved": "https://registry.npmjs.org/@oxlint-tsgolint/win32-x64/-/win32-x64-0.0.1.tgz",
      "integrity": "sha512-anzDRE1w3Vl/aSBLiOwnwzz17GJaXJr+X3OTWwwV9cHg+TWEhLpUDo+d2pAoulCHoZTjN/k8A9wHg0IGuqnOfA==",
      "dev": true,
      "optional": true
    },
    "@oxlint/darwin-arm64": {
      "version": "1.12.0",
      "resolved": "https://registry.npmjs.org/@oxlint/darwin-arm64/-/darwin-arm64-1.12.0.tgz",
      "integrity": "sha512-Pv+Ho1uq2ny8g2P6JgQpaIUF1FHPL32DfOlZhKqmzDT3PydtFvZp/7zNyJE3BIXeTOOOG1Eg12hjZHMLsWxyNw==",
      "dev": true,
      "optional": true
    },
    "@oxlint/darwin-x64": {
      "version": "1.12.0",
      "resolved": "https://registry.npmjs.org/@oxlint/darwin-x64/-/darwin-x64-1.12.0.tgz",
      "integrity": "sha512-kNXPH/7jXjX4pawrEWXQHOasOdOsrYKhskA1qYwLYcv/COVSoxOSElkQtQa+KxN5zzt3F02kBdWDndLpgJLbLQ==",
      "dev": true,
      "optional": true
    },
    "@oxlint/linux-arm64-gnu": {
      "version": "1.12.0",
      "resolved": "https://registry.npmjs.org/@oxlint/linux-arm64-gnu/-/linux-arm64-gnu-1.12.0.tgz",
      "integrity": "sha512-U7NETs02K55ZyDlgdhx4lWeFYbkUKcL+YcG+Ak70EyEt/BKIIVt4B84VdV1JzC71FErUipDYAwPJmxMREXr4Sg==",
      "dev": true,
      "optional": true
    },
    "@oxlint/linux-arm64-musl": {
      "version": "1.12.0",
      "resolved": "https://registry.npmjs.org/@oxlint/linux-arm64-musl/-/linux-arm64-musl-1.12.0.tgz",
      "integrity": "sha512-e4Pb2eZu3V2BsiX4t4gyv9iJ8+KRT6bkoWM5uC9BLX7edsVchwLwL6LB2vPYusYdPPrxdjlFCg6ni+9wlw7FbQ==",
      "dev": true,
      "optional": true
    },
    "@oxlint/linux-x64-gnu": {
      "version": "1.12.0",
      "resolved": "https://registry.npmjs.org/@oxlint/linux-x64-gnu/-/linux-x64-gnu-1.12.0.tgz",
      "integrity": "sha512-qJK98Dj/z7Nbm0xoz0nCCMFGy0W/kLewPzOK5QENxuUoQQ6ymt7/75rXOuTwAZJ6JFTarqfSuMAA0pka6Tmytw==",
      "dev": true,
      "optional": true
    },
    "@oxlint/linux-x64-musl": {
      "version": "1.12.0",
      "resolved": "https://registry.npmjs.org/@oxlint/linux-x64-musl/-/linux-x64-musl-1.12.0.tgz",
      "integrity": "sha512-jNeltpHc1eonSev/bWKipJ7FI6+Rc7EXh6Y7E0pm8e95sc1klFA29FFVs3FjMA6CCa+SRT0u0nnNTTAtf2QOiQ==",
      "dev": true,
      "optional": true
    },
    "@oxlint/win32-arm64": {
      "version": "1.12.0",
      "resolved": "https://registry.npmjs.org/@oxlint/win32-arm64/-/win32-arm64-1.12.0.tgz",
      "integrity": "sha512-T3fpNZJ3Q9YGgJTKc1YyvGoomSXnrV5mREz0QACE06zUzfS8EWyaYc/GN17FhHvQ4uQk/1xLgnM6FPsuLMeRhw==",
      "dev": true,
      "optional": true
    },
    "@oxlint/win32-x64": {
      "version": "1.12.0",
      "resolved": "https://registry.npmjs.org/@oxlint/win32-x64/-/win32-x64-1.12.0.tgz",
      "integrity": "sha512-2eC4XQ1SMM2z7bCDG+Ifrn5GrvP6fkL0FGi4ZwDCrx6fwb1byFrXgSUNIPiqiiqBBrFRMKlXzU9zD6IjuFlUOg==",
      "dev": true,
      "optional": true
    },
    "oxlint": {
      "version": "1.12.0",
      "resolved": "https://registry.npmjs.org/oxlint/-/oxlint-1.12.0.tgz",
      "integrity": "sha512-tBQ9aB00aYLlGXE21WJHnKQAI8xoi2V6Eiz/WvGV7FwU9YLYuNOurEEVbfoS5u0ODX8GLvGWj1fdHh5Rb74Kkw==",
      "dev": true,
      "requires": {
        "@oxlint/darwin-arm64": "1.12.0",
        "@oxlint/darwin-x64": "1.12.0",
        "@oxlint/linux-arm64-gnu": "1.12.0",
        "@oxlint/linux-arm64-musl": "1.12.0",
        "@oxlint/linux-x64-gnu": "1.12.0",
        "@oxlint/linux-x64-musl": "1.12.0",
        "@oxlint/win32-arm64": "1.12.0",
        "@oxlint/win32-x64": "1.12.0",
        "oxlint-tsgolint": ">=0.0.1"
      }
    },
    "oxlint-tsgolint": {
      "version": "0.0.1",
      "resolved": "https://registry.npmjs.org/oxlint-tsgolint/-/oxlint-tsgolint-0.0.1.tgz",
      "integrity": "sha512-gH6EpIr2oBVperOONVzTTNYmOu6pYPipVyzWB+CfYO13vH+6O9kINUyG4rr3RXDaKdTx8UvxgRORXdSGH1iydA==",
      "dev": true,
      "optional": true,
      "requires": {
        "@oxlint-tsgolint/darwin-arm64": "0.0.1",
        "@oxlint-tsgolint/darwin-x64": "0.0.1",
        "@oxlint-tsgolint/linux-arm64": "0.0.1",
        "@oxlint-tsgolint/linux-x64": "0.0.1",
        "@oxlint-tsgolint/win32-arm64": "0.0.1",
        "@oxlint-tsgolint/win32-x64": "0.0.1"
      }
    }
  }
}
